// !$*UTF8*$!
{
	archiveVersion = 1;
	classes = {
	};
	objectVersion = 56;
	objects = {

/* Begin PBXBuildFile section */
		FF3934953204A1B36EBABA37 /* Core/AppConstants.swift in Sources */ = {isa = PBXBuildFile; fileRef = 039D91BEF3575C093DE1F4BD /* Core/AppConstants.swift */; };
		996EA5A98B678742B6962A63 /* Core/AppEnvironment.swift in Sources */ = {isa = PBXBuildFile; fileRef = 830802DF82E92295D043DE7B /* Core/AppEnvironment.swift */; };
		51035D5E11F40C0D369EDCB9 /* KilwinningApp.swift in Sources */ = {isa = PBXBuildFile; fileRef = 1E9036FA510C55C56D2F74BA /* KilwinningApp.swift */; };
		B87EBD5799E72AEC79F38915 /* Models/AudioDiscussione.swift in Sources */ = {isa = PBXBuildFile; fileRef = 60C47045DBE8C361BB3A49B9 /* Models/AudioDiscussione.swift */; };
		0B2B1B89D72B98F7079F00BD /* Models/Brother.swift in Sources */ = {isa = PBXBuildFile; fileRef = 7F8BEF7E0A87D765E5723EA7 /* Models/Brother.swift */; };
		CAEB88BA8B18967C649469A0 /* Models/ChatRoom.swift in Sources */ = {isa = PBXBuildFile; fileRef = 52F4AD77ABC5FD02D9903DB5 /* Models/ChatRoom.swift */; };
		2C309BF3834FFDDF6B7CAEFB /* Models/Libro.swift in Sources */ = {isa = PBXBuildFile; fileRef = 9BB174A11F4CEC5CC3C85278 /* Models/Libro.swift */; };
		C7C34DE2396F99B7B1E855EA /* Models/MessaggioChat.swift in Sources */ = {isa = PBXBuildFile; fileRef = C40CFC9443D04268C0D9D82C /* Models/MessaggioChat.swift */; };
		B577D23CA6EEC066CBDCF724 /* Models/Notification.swift in Sources */ = {isa = PBXBuildFile; fileRef = 3F4CDF49E3D39A8A668725ED /* Models/Notification.swift */; };
		EA123636658B9EBFFA581787 /* Models/Presence.swift in Sources */ = {isa = PBXBuildFile; fileRef = 825A6D2143D8C0DF39F61698 /* Models/Presence.swift */; };
		507B74155ED9963C377D1B5D /* Models/Prestito.swift in Sources */ = {isa = PBXBuildFile; fileRef = E65A3C2926AA67444F008799 /* Models/Prestito.swift */; };
		E3C50EDA96F2C76F551F14E4 /* Models/Tavola.swift in Sources */ = {isa = PBXBuildFile; fileRef = C9D73F8ADD39A0E655671663 /* Models/Tavola.swift */; };
		0E09742801A97E81798590F4 /* Models/Tornata.swift in Sources */ = {isa = PBXBuildFile; fileRef = 0731D117F17E25C8DFE7D6F1 /* Models/Tornata.swift */; };
		A1032443A04871CE6CE060EA /* Repositories/MockPresenzeRepository.swift in Sources */ = {isa = PBXBuildFile; fileRef = F79DE7883CED7849004269FA /* Repositories/MockPresenzeRepository.swift */; };
		12D50E5085F251EFB0D31482 /* Repositories/MockTornateRepository.swift in Sources */ = {isa = PBXBuildFile; fileRef = E81822E86B018C0144FF904C /* Repositories/MockTornateRepository.swift */; };
		5894689116C900A2958E10AA /* Repositories/RemoteTornateRepository.swift in Sources */ = {isa = PBXBuildFile; fileRef = 0892B0CB5540BD699A60D276 /* Repositories/RemoteTornateRepository.swift */; };
		F97FF376BAB0C5DA8C47CD36 /* Repositories/RepositoryProtocols.swift in Sources */ = {isa = PBXBuildFile; fileRef = 51F01C26CB3348CA5EE20B0A /* Repositories/RepositoryProtocols.swift */; };
		128775ACD1713B84451350D4 /* Services/AudioService.swift in Sources */ = {isa = PBXBuildFile; fileRef = 7DC0A96DF147BA4A0FAC21AA /* Services/AudioService.swift */; };
		781C59FDCD80B2CE1FAAD1E1 /* Services/AuthenticationService.swift in Sources */ = {isa = PBXBuildFile; fileRef = DA01A5C8E1766F797D2D5217 /* Services/AuthenticationService.swift */; };
		4343E019A94B69BFE8D03E5A /* Services/ChatService.swift in Sources */ = {isa = PBXBuildFile; fileRef = 7ED3ED265DF05E3A66540256 /* Services/ChatService.swift */; };
		3F530EC522A9653B497959B8 /* Services/DataService.swift in Sources */ = {isa = PBXBuildFile; fileRef = 9A88D3F381C418F6EBE07415 /* Services/DataService.swift */; };
		FE511765E9F39679B43F62D4 /* Services/LibraryService.swift in Sources */ = {isa = PBXBuildFile; fileRef = 080FD2A81A8D6136D39CB5D9 /* Services/LibraryService.swift */; };
		73EC0A91D01059349E191320 /* Services/NetworkService.swift in Sources */ = {isa = PBXBuildFile; fileRef = 5492E3258D78680B1A779D3B /* Services/NetworkService.swift */; };
		AF2736EB4BB7D6AFECA8321D /* Services/NotificationService.swift in Sources */ = {isa = PBXBuildFile; fileRef = 0BA598DF8F6BB0151C846605 /* Services/NotificationService.swift */; };
		AEFF4FA32DA3C7C22927F9FE /* Utilities/AppTheme.swift in Sources */ = {isa = PBXBuildFile; fileRef = AC5C9B894B9C3D632BE3D77D /* Utilities/AppTheme.swift */; };
		90412F9CB8ADEC040C7A320E /* Utilities/CommonViews.swift in Sources */ = {isa = PBXBuildFile; fileRef = 0AE7E5A0890C613AA5F93233 /* Utilities/CommonViews.swift */; };
		822A42511092D3AD3CC24621 /* Views/AdministrationView.swift in Sources */ = {isa = PBXBuildFile; fileRef = 6E49BA24F69D17EFE2C83B8A /* Views/AdministrationView.swift */; };
		383D982057214B3C4EE0DAE2 /* Views/AudioPlayerView.swift in Sources */ = {isa = PBXBuildFile; fileRef = 571D7338FEF7C6A190E285D3 /* Views/AudioPlayerView.swift */; };
		1D7A3FC9D19576A75DFE61E4 /* Views/BibliotecaView.swift in Sources */ = {isa = PBXBuildFile; fileRef = DBC34968CB059FDABDE7B83D /* Views/BibliotecaView.swift */; };
		1C846BB23044E27669128B45 /* Views/ChatView.swift in Sources */ = {isa = PBXBuildFile; fileRef = BFAC097B6AE8857B28E4CC1B /* Views/ChatView.swift */; };
		4967199B84E6B0ACFFCAED10 /* Views/DashboardView.swift in Sources */ = {isa = PBXBuildFile; fileRef = FE1CAF85481FF3DBCD70E2A6 /* Views/DashboardView.swift */; };
		7CEB0242FB52459A9DC46760 /* Views/HomeContentView.swift in Sources */ = {isa = PBXBuildFile; fileRef = 619231EF855A9C1ACDF74989 /* Views/HomeContentView.swift */; };
		BB40ACA4B923FA5A2F35F961 /* Views/InformazioniLoggiaSection.swift in Sources */ = {isa = PBXBuildFile; fileRef = BF860DDDFAADA6B28BAFBD55 /* Views/InformazioniLoggiaSection.swift */; };
		38B73BEEF94986657957139E /* Views/LoginView.swift in Sources */ = {isa = PBXBuildFile; fileRef = AB540E6262B531A1D0C8720D /* Views/LoginView.swift */; };
		18DD73C60810BF82F2AD86C7 /* Views/MieiPrestitiView.swift in Sources */ = {isa = PBXBuildFile; fileRef = C8247CD87BBB97540A584E01 /* Views/MieiPrestitiView.swift */; };
		6DB68AB2FEAE2EAC088C9E32 /* Views/NotificheView.swift in Sources */ = {isa = PBXBuildFile; fileRef = 7050D5B31CBDCE0E6E1264EF /* Views/NotificheView.swift */; };
		109AE119631CA651712B71F9 /* Views/PDFViewerView.swift in Sources */ = {isa = PBXBuildFile; fileRef = 314293A80B57D4DA29B714A0 /* Views/PDFViewerView.swift */; };
		3750ECA823C7FCCB26D6C343 /* Views/PasswordResetView.swift in Sources */ = {isa = PBXBuildFile; fileRef = C15C5EA0426467B51E6FE2C6 /* Views/PasswordResetView.swift */; };
		C89299820952AB5780C8C2E6 /* Views/PresenzeView.swift in Sources */ = {isa = PBXBuildFile; fileRef = AD89D204782FE7799D686492 /* Views/PresenzeView.swift */; };
		1F97484409AD3F409EE0A953 /* Views/ProssimeTornateSection.swift in Sources */ = {isa = PBXBuildFile; fileRef = 358D46514D83121D5B0CD5DB /* Views/ProssimeTornateSection.swift */; };
		F6BE6EE75A3E68AC3E6586D9 /* Views/RegistrationView.swift in Sources */ = {isa = PBXBuildFile; fileRef = 971777D8C80C493C68052AAC /* Views/RegistrationView.swift */; };
		33586B91A225B9FE31A5FA7C /* Views/TavoleView.swift in Sources */ = {isa = PBXBuildFile; fileRef = 17751CFD7EFE9C8C10CB0057 /* Views/TavoleView.swift */; };
		1477CDC8CF2BF83EECE03D21 /* Views/TornataDetailView.swift in Sources */ = {isa = PBXBuildFile; fileRef = 4DE6F881C4D3D178CCAAA679 /* Views/TornataDetailView.swift */; };
		80A6D49632DFC46A5DB145FE /* Views/TornateListView.swift in Sources */ = {isa = PBXBuildFile; fileRef = 97EE88F141F631E26A19700E /* Views/TornateListView.swift */; };
		D0687455C07D878E9DB04308 /* Assets.xcassets in Resources */ = {isa = PBXBuildFile; fileRef = 32BB636196F91ED59D7A4919 /* Assets.xcassets */; };
		CA9473B4A76F200BFBDCA747 /* Config.plist in Resources */ = {isa = PBXBuildFile; fileRef = 80C47F7FE87EDEAF5AABB233 /* Config.plist */; };
/* End PBXBuildFile section */

/* Begin PBXFileReference section */
		7BCCADA3021C07D12E775CB5 /* Kilwinning.app */ = {isa = PBXFileReference; explicitFileType = wrapper.application; includeInIndex = 0; path = Kilwinning.app; sourceTree = BUILT_PRODUCTS_DIR; };
		C2E832810DD94AD7A5FA8C4A /* Info.plist */ = {isa = PBXFileReference; lastKnownFileType = text.plist.xml; path = Info.plist; sourceTree = "<group>"; };
		32BB636196F91ED59D7A4919 /* Assets.xcassets */ = {isa = PBXFileReference; lastKnownFileType = folder.assetcatalog; path = Assets.xcassets; sourceTree = "<group>"; };
		80C47F7FE87EDEAF5AABB233 /* Config.plist */ = {isa = PBXFileReference; lastKnownFileType = text.plist.xml; path = Config.plist; sourceTree = "<group>"; };
		039D91BEF3575C093DE1F4BD /* Core/AppConstants.swift */ = {isa = PBXFileReference; lastKnownFileType = sourcecode.swift; path = "AppConstants.swift"; sourceTree = "<group>"; };
		830802DF82E92295D043DE7B /* Core/AppEnvironment.swift */ = {isa = PBXFileReference; lastKnownFileType = sourcecode.swift; path = "AppEnvironment.swift"; sourceTree = "<group>"; };
		1E9036FA510C55C56D2F74BA /* KilwinningApp.swift */ = {isa = PBXFileReference; lastKnownFileType = sourcecode.swift; path = "KilwinningApp.swift"; sourceTree = "<group>"; };
		60C47045DBE8C361BB3A49B9 /* Models/AudioDiscussione.swift */ = {isa = PBXFileReference; lastKnownFileType = sourcecode.swift; path = "AudioDiscussione.swift"; sourceTree = "<group>"; };
		7F8BEF7E0A87D765E5723EA7 /* Models/Brother.swift */ = {isa = PBXFileReference; lastKnownFileType = sourcecode.swift; path = "Brother.swift"; sourceTree = "<group>"; };
		52F4AD77ABC5FD02D9903DB5 /* Models/ChatRoom.swift */ = {isa = PBXFileReference; lastKnownFileType = sourcecode.swift; path = "ChatRoom.swift"; sourceTree = "<group>"; };
		9BB174A11F4CEC5CC3C85278 /* Models/Libro.swift */ = {isa = PBXFileReference; lastKnownFileType = sourcecode.swift; path = "Libro.swift"; sourceTree = "<group>"; };
		C40CFC9443D04268C0D9D82C /* Models/MessaggioChat.swift */ = {isa = PBXFileReference; lastKnownFileType = sourcecode.swift; path = "MessaggioChat.swift"; sourceTree = "<group>"; };
		3F4CDF49E3D39A8A668725ED /* Models/Notification.swift */ = {isa = PBXFileReference; lastKnownFileType = sourcecode.swift; path = "Notification.swift"; sourceTree = "<group>"; };
		825A6D2143D8C0DF39F61698 /* Models/Presence.swift */ = {isa = PBXFileReference; lastKnownFileType = sourcecode.swift; path = "Presence.swift"; sourceTree = "<group>"; };
		E65A3C2926AA67444F008799 /* Models/Prestito.swift */ = {isa = PBXFileReference; lastKnownFileType = sourcecode.swift; path = "Prestito.swift"; sourceTree = "<group>"; };
		C9D73F8ADD39A0E655671663 /* Models/Tavola.swift */ = {isa = PBXFileReference; lastKnownFileType = sourcecode.swift; path = "Tavola.swift"; sourceTree = "<group>"; };
		0731D117F17E25C8DFE7D6F1 /* Models/Tornata.swift */ = {isa = PBXFileReference; lastKnownFileType = sourcecode.swift; path = "Tornata.swift"; sourceTree = "<group>"; };
		F79DE7883CED7849004269FA /* Repositories/MockPresenzeRepository.swift */ = {isa = PBXFileReference; lastKnownFileType = sourcecode.swift; path = "MockPresenzeRepository.swift"; sourceTree = "<group>"; };
		E81822E86B018C0144FF904C /* Repositories/MockTornateRepository.swift */ = {isa = PBXFileReference; lastKnownFileType = sourcecode.swift; path = "MockTornateRepository.swift"; sourceTree = "<group>"; };
		0892B0CB5540BD699A60D276 /* Repositories/RemoteTornateRepository.swift */ = {isa = PBXFileReference; lastKnownFileType = sourcecode.swift; path = "RemoteTornateRepository.swift"; sourceTree = "<group>"; };
		51F01C26CB3348CA5EE20B0A /* Repositories/RepositoryProtocols.swift */ = {isa = PBXFileReference; lastKnownFileType = sourcecode.swift; path = "RepositoryProtocols.swift"; sourceTree = "<group>"; };
		7DC0A96DF147BA4A0FAC21AA /* Services/AudioService.swift */ = {isa = PBXFileReference; lastKnownFileType = sourcecode.swift; path = "AudioService.swift"; sourceTree = "<group>"; };
		DA01A5C8E1766F797D2D5217 /* Services/AuthenticationService.swift */ = {isa = PBXFileReference; lastKnownFileType = sourcecode.swift; path = "AuthenticationService.swift"; sourceTree = "<group>"; };
		7ED3ED265DF05E3A66540256 /* Services/ChatService.swift */ = {isa = PBXFileReference; lastKnownFileType = sourcecode.swift; path = "ChatService.swift"; sourceTree = "<group>"; };
		9A88D3F381C418F6EBE07415 /* Services/DataService.swift */ = {isa = PBXFileReference; lastKnownFileType = sourcecode.swift; path = "DataService.swift"; sourceTree = "<group>"; };
		080FD2A81A8D6136D39CB5D9 /* Services/LibraryService.swift */ = {isa = PBXFileReference; lastKnownFileType = sourcecode.swift; path = "LibraryService.swift"; sourceTree = "<group>"; };
		5492E3258D78680B1A779D3B /* Services/NetworkService.swift */ = {isa = PBXFileReference; lastKnownFileType = sourcecode.swift; path = "NetworkService.swift"; sourceTree = "<group>"; };
		0BA598DF8F6BB0151C846605 /* Services/NotificationService.swift */ = {isa = PBXFileReference; lastKnownFileType = sourcecode.swift; path = "NotificationService.swift"; sourceTree = "<group>"; };
		AC5C9B894B9C3D632BE3D77D /* Utilities/AppTheme.swift */ = {isa = PBXFileReference; lastKnownFileType = sourcecode.swift; path = "AppTheme.swift"; sourceTree = "<group>"; };
		0AE7E5A0890C613AA5F93233 /* Utilities/CommonViews.swift */ = {isa = PBXFileReference; lastKnownFileType = sourcecode.swift; path = "CommonViews.swift"; sourceTree = "<group>"; };
		6E49BA24F69D17EFE2C83B8A /* Views/AdministrationView.swift */ = {isa = PBXFileReference; lastKnownFileType = sourcecode.swift; path = "AdministrationView.swift"; sourceTree = "<group>"; };
		571D7338FEF7C6A190E285D3 /* Views/AudioPlayerView.swift */ = {isa = PBXFileReference; lastKnownFileType = sourcecode.swift; path = "AudioPlayerView.swift"; sourceTree = "<group>"; };
		DBC34968CB059FDABDE7B83D /* Views/BibliotecaView.swift */ = {isa = PBXFileReference; lastKnownFileType = sourcecode.swift; path = "BibliotecaView.swift"; sourceTree = "<group>"; };
		BFAC097B6AE8857B28E4CC1B /* Views/ChatView.swift */ = {isa = PBXFileReference; lastKnownFileType = sourcecode.swift; path = "ChatView.swift"; sourceTree = "<group>"; };
		FE1CAF85481FF3DBCD70E2A6 /* Views/DashboardView.swift */ = {isa = PBXFileReference; lastKnownFileType = sourcecode.swift; path = "DashboardView.swift"; sourceTree = "<group>"; };
		619231EF855A9C1ACDF74989 /* Views/HomeContentView.swift */ = {isa = PBXFileReference; lastKnownFileType = sourcecode.swift; path = "HomeContentView.swift"; sourceTree = "<group>"; };
		BF860DDDFAADA6B28BAFBD55 /* Views/InformazioniLoggiaSection.swift */ = {isa = PBXFileReference; lastKnownFileType = sourcecode.swift; path = "InformazioniLoggiaSection.swift"; sourceTree = "<group>"; };
		AB540E6262B531A1D0C8720D /* Views/LoginView.swift */ = {isa = PBXFileReference; lastKnownFileType = sourcecode.swift; path = "LoginView.swift"; sourceTree = "<group>"; };
		C8247CD87BBB97540A584E01 /* Views/MieiPrestitiView.swift */ = {isa = PBXFileReference; lastKnownFileType = sourcecode.swift; path = "MieiPrestitiView.swift"; sourceTree = "<group>"; };
		7050D5B31CBDCE0E6E1264EF /* Views/NotificheView.swift */ = {isa = PBXFileReference; lastKnownFileType = sourcecode.swift; path = "NotificheView.swift"; sourceTree = "<group>"; };
		314293A80B57D4DA29B714A0 /* Views/PDFViewerView.swift */ = {isa = PBXFileReference; lastKnownFileType = sourcecode.swift; path = "PDFViewerView.swift"; sourceTree = "<group>"; };
		C15C5EA0426467B51E6FE2C6 /* Views/PasswordResetView.swift */ = {isa = PBXFileReference; lastKnownFileType = sourcecode.swift; path = "PasswordResetView.swift"; sourceTree = "<group>"; };
		AD89D204782FE7799D686492 /* Views/PresenzeView.swift */ = {isa = PBXFileReference; lastKnownFileType = sourcecode.swift; path = "PresenzeView.swift"; sourceTree = "<group>"; };
		358D46514D83121D5B0CD5DB /* Views/ProssimeTornateSection.swift */ = {isa = PBXFileReference; lastKnownFileType = sourcecode.swift; path = "ProssimeTornateSection.swift"; sourceTree = "<group>"; };
		971777D8C80C493C68052AAC /* Views/RegistrationView.swift */ = {isa = PBXFileReference; lastKnownFileType = sourcecode.swift; path = "RegistrationView.swift"; sourceTree = "<group>"; };
		17751CFD7EFE9C8C10CB0057 /* Views/TavoleView.swift */ = {isa = PBXFileReference; lastKnownFileType = sourcecode.swift; path = "TavoleView.swift"; sourceTree = "<group>"; };
		4DE6F881C4D3D178CCAAA679 /* Views/TornataDetailView.swift */ = {isa = PBXFileReference; lastKnownFileType = sourcecode.swift; path = "TornataDetailView.swift"; sourceTree = "<group>"; };
		97EE88F141F631E26A19700E /* Views/TornateListView.swift */ = {isa = PBXFileReference; lastKnownFileType = sourcecode.swift; path = "TornateListView.swift"; sourceTree = "<group>"; };
/* End PBXFileReference section */

/* Begin PBXFrameworksBuildPhase section */
		29B2D46AA747A59804D46E1F /* Frameworks */ = {
			isa = PBXFrameworksBuildPhase;
			buildActionMask = 2147483647;
			files = (
			);
			runOnlyForDeploymentPostprocessing = 0;
		};
/* End PBXFrameworksBuildPhase section */

/* Begin PBXGroup section */
		5928955287B8089ED2177128 = {
			isa = PBXGroup;
			children = (
				56FF437C3595AA04784D1FDF /* Core */,
				CA608C0B22E7B6F9B389BDDD /* Models */,
				78EF4B0EA3FDA2A792BCF074 /* Views */,
				95DF61116CBC7317336DBE03 /* Services */,
				6A723603FCC7BDC24375B428 /* Repositories */,
				42C8C8F52FD4BBFAB782A409 /* Utilities */,
				1E9036FA510C55C56D2F74BA /* KilwinningApp.swift */,
				C2E832810DD94AD7A5FA8C4A /* Info.plist */,
				32BB636196F91ED59D7A4919 /* Assets.xcassets */,
				80C47F7FE87EDEAF5AABB233 /* Config.plist */,
				BF7A2D27A78D590BDEF15AF2 /* Products */,
			);
			sourceTree = "<group>";
		};
		BF7A2D27A78D590BDEF15AF2 /* Products */ = {
			isa = PBXGroup;
			children = (
				7BCCADA3021C07D12E775CB5 /* Kilwinning.app */,
			);
			name = Products;
			sourceTree = "<group>";
		};
		56FF437C3595AA04784D1FDF /* Core */ = {
			isa = PBXGroup;
			children = (
				039D91BEF3575C093DE1F4BD /* AppConstants.swift */,
				830802DF82E92295D043DE7B /* AppEnvironment.swift */,
			);
			path = Core;
			sourceTree = "<group>";
		};
		CA608C0B22E7B6F9B389BDDD /* Models */ = {
			isa = PBXGroup;
			children = (
				60C47045DBE8C361BB3A49B9 /* AudioDiscussione.swift */,
				7F8BEF7E0A87D765E5723EA7 /* Brother.swift */,
				52F4AD77ABC5FD02D9903DB5 /* ChatRoom.swift */,
				9BB174A11F4CEC5CC3C85278 /* Libro.swift */,
				C40CFC9443D04268C0D9D82C /* MessaggioChat.swift */,
				3F4CDF49E3D39A8A668725ED /* Notification.swift */,
				825A6D2143D8C0DF39F61698 /* Presence.swift */,
				E65A3C2926AA67444F008799 /* Prestito.swift */,
				C9D73F8ADD39A0E655671663 /* Tavola.swift */,
				0731D117F17E25C8DFE7D6F1 /* Tornata.swift */,
			);
			path = Models;
			sourceTree = "<group>";
		};
		78EF4B0EA3FDA2A792BCF074 /* Views */ = {
			isa = PBXGroup;
			children = (
				6E49BA24F69D17EFE2C83B8A /* AdministrationView.swift */,
				571D7338FEF7C6A190E285D3 /* AudioPlayerView.swift */,
				DBC34968CB059FDABDE7B83D /* BibliotecaView.swift */,
				BFAC097B6AE8857B28E4CC1B /* ChatView.swift */,
				FE1CAF85481FF3DBCD70E2A6 /* DashboardView.swift */,
				619231EF855A9C1ACDF74989 /* HomeContentView.swift */,
				BF860DDDFAADA6B28BAFBD55 /* InformazioniLoggiaSection.swift */,
				AB540E6262B531A1D0C8720D /* LoginView.swift */,
				C8247CD87BBB97540A584E01 /* MieiPrestitiView.swift */,
				7050D5B31CBDCE0E6E1264EF /* NotificheView.swift */,
				314293A80B57D4DA29B714A0 /* PDFViewerView.swift */,
				C15C5EA0426467B51E6FE2C6 /* PasswordResetView.swift */,
				AD89D204782FE7799D686492 /* PresenzeView.swift */,
				358D46514D83121D5B0CD5DB /* ProssimeTornateSection.swift */,
				971777D8C80C493C68052AAC /* RegistrationView.swift */,
				17751CFD7EFE9C8C10CB0057 /* TavoleView.swift */,
				4DE6F881C4D3D178CCAAA679 /* TornataDetailView.swift */,
				97EE88F141F631E26A19700E /* TornateListView.swift */,
			);
			path = Views;
			sourceTree = "<group>";
		};
		95DF61116CBC7317336DBE03 /* Services */ = {
			isa = PBXGroup;
			children = (
				7DC0A96DF147BA4A0FAC21AA /* AudioService.swift */,
				DA01A5C8E1766F797D2D5217 /* AuthenticationService.swift */,
				7ED3ED265DF05E3A66540256 /* ChatService.swift */,
				9A88D3F381C418F6EBE07415 /* DataService.swift */,
				080FD2A81A8D6136D39CB5D9 /* LibraryService.swift */,
				5492E3258D78680B1A779D3B /* NetworkService.swift */,
				0BA598DF8F6BB0151C846605 /* NotificationService.swift */,
			);
			path = Services;
			sourceTree = "<group>";
		};
		6A723603FCC7BDC24375B428 /* Repositories */ = {
			isa = PBXGroup;
			children = (
				F79DE7883CED7849004269FA /* MockPresenzeRepository.swift */,
				E81822E86B018C0144FF904C /* MockTornateRepository.swift */,
				0892B0CB5540BD699A60D276 /* RemoteTornateRepository.swift */,
				51F01C26CB3348CA5EE20B0A /* RepositoryProtocols.swift */,
			);
			path = Repositories;
			sourceTree = "<group>";
		};
		42C8C8F52FD4BBFAB782A409 /* Utilities */ = {
			isa = PBXGroup;
			children = (
				AC5C9B894B9C3D632BE3D77D /* AppTheme.swift */,
				0AE7E5A0890C613AA5F93233 /* CommonViews.swift */,
			);
			path = Utilities;
			sourceTree = "<group>";
		};
/* End PBXGroup section */

/* Begin PBXNativeTarget section */
		42AEFBAE01D2DFD981F7DA7D /* Kilwinning */ = {
			isa = PBXNativeTarget;
			buildConfigurationList = AFD04581184175117C78D9AC /* Build configuration list for PBXNativeTarget "Kilwinning" */;
			buildPhases = (
				E7209FB05162B7572F88D05E /* Sources */,
				29B2D46AA747A59804D46E1F /* Frameworks */,
				66F8606E9F0A136E2228EBCB /* Resources */,
			);
			buildRules = (
			);
			dependencies = (
			);
			name = Kilwinning;
			productName = Kilwinning;
			productReference = 7BCCADA3021C07D12E775CB5 /* Kilwinning.app */;
			productType = "com.apple.product-type.application";
		};
/* End PBXNativeTarget section */

/* Begin PBXProject section */
		46F86FAA6BBF9AC94A7E4595 /* Project object */ = {
			isa = PBXProject;
			attributes = {
				BuildIndependentTargetsInParallel = 1;
				LastSwiftUpdateCheck = 1500;
				LastUpgradeCheck = 1500;
				TargetAttributes = {
					42AEFBAE01D2DFD981F7DA7D = {
						CreatedOnToolsVersion = 15.0;
					};
				};
			};
			buildConfigurationList = 022E0F2E8ECAC35F5510DD6F /* Build configuration list for PBXProject "Kilwinning" */;
			compatibilityVersion = "Xcode 14.0";
			developmentRegion = en;
			hasScannedForEncodings = 0;
			knownRegions = (
				en,
				Base,
			);
			mainGroup = 5928955287B8089ED2177128;
			productRefGroup = BF7A2D27A78D590BDEF15AF2 /* Products */;
			projectDirPath = "";
			projectRoot = "";
			targets = (
				42AEFBAE01D2DFD981F7DA7D /* Kilwinning */,
			);
		};
/* End PBXProject section */

/* Begin PBXResourcesBuildPhase section */
		66F8606E9F0A136E2228EBCB /* Resources */ = {
			isa = PBXResourcesBuildPhase;
			buildActionMask = 2147483647;
			files = (
				D0687455C07D878E9DB04308 /* Assets.xcassets in Resources */,
				CA9473B4A76F200BFBDCA747 /* Config.plist in Resources */,
			);
			runOnlyForDeploymentPostprocessing = 0;
		};
/* End PBXResourcesBuildPhase section */

/* Begin PBXSourcesBuildPhase section */
		E7209FB05162B7572F88D05E /* Sources */ = {
			isa = PBXSourcesBuildPhase;
			buildActionMask = 2147483647;
			files = (
				FF3934953204A1B36EBABA37 /* Core/AppConstants.swift in Sources */,
				996EA5A98B678742B6962A63 /* Core/AppEnvironment.swift in Sources */,
				51035D5E11F40C0D369EDCB9 /* KilwinningApp.swift in Sources */,
				B87EBD5799E72AEC79F38915 /* Models/AudioDiscussione.swift in Sources */,
				0B2B1B89D72B98F7079F00BD /* Models/Brother.swift in Sources */,
				CAEB88BA8B18967C649469A0 /* Models/ChatRoom.swift in Sources */,
				2C309BF3834FFDDF6B7CAEFB /* Models/Libro.swift in Sources */,
				C7C34DE2396F99B7B1E855EA /* Models/MessaggioChat.swift in Sources */,
				B577D23CA6EEC066CBDCF724 /* Models/Notification.swift in Sources */,
				EA123636658B9EBFFA581787 /* Models/Presence.swift in Sources */,
				507B74155ED9963C377D1B5D /* Models/Prestito.swift in Sources */,
				E3C50EDA96F2C76F551F14E4 /* Models/Tavola.swift in Sources */,
				0E09742801A97E81798590F4 /* Models/Tornata.swift in Sources */,
				A1032443A04871CE6CE060EA /* Repositories/MockPresenzeRepository.swift in Sources */,
				12D50E5085F251EFB0D31482 /* Repositories/MockTornateRepository.swift in Sources */,
				5894689116C900A2958E10AA /* Repositories/RemoteTornateRepository.swift in Sources */,
				F97FF376BAB0C5DA8C47CD36 /* Repositories/RepositoryProtocols.swift in Sources */,
				128775ACD1713B84451350D4 /* Services/AudioService.swift in Sources */,
				781C59FDCD80B2CE1FAAD1E1 /* Services/AuthenticationService.swift in Sources */,
				4343E019A94B69BFE8D03E5A /* Services/ChatService.swift in Sources */,
				3F530EC522A9653B497959B8 /* Services/DataService.swift in Sources */,
				FE511765E9F39679B43F62D4 /* Services/LibraryService.swift in Sources */,
				73EC0A91D01059349E191320 /* Services/NetworkService.swift in Sources */,
				AF2736EB4BB7D6AFECA8321D /* Services/NotificationService.swift in Sources */,
				AEFF4FA32DA3C7C22927F9FE /* Utilities/AppTheme.swift in Sources */,
				90412F9CB8ADEC040C7A320E /* Utilities/CommonViews.swift in Sources */,
				822A42511092D3AD3CC24621 /* Views/AdministrationView.swift in Sources */,
				383D982057214B3C4EE0DAE2 /* Views/AudioPlayerView.swift in Sources */,
				1D7A3FC9D19576A75DFE61E4 /* Views/BibliotecaView.swift in Sources */,
				1C846BB23044E27669128B45 /* Views/ChatView.swift in Sources */,
				4967199B84E6B0ACFFCAED10 /* Views/DashboardView.swift in Sources */,
				7CEB0242FB52459A9DC46760 /* Views/HomeContentView.swift in Sources */,
				BB40ACA4B923FA5A2F35F961 /* Views/InformazioniLoggiaSection.swift in Sources */,
				38B73BEEF94986657957139E /* Views/LoginView.swift in Sources */,
				18DD73C60810BF82F2AD86C7 /* Views/MieiPrestitiView.swift in Sources */,
				6DB68AB2FEAE2EAC088C9E32 /* Views/NotificheView.swift in Sources */,
				109AE119631CA651712B71F9 /* Views/PDFViewerView.swift in Sources */,
				3750ECA823C7FCCB26D6C343 /* Views/PasswordResetView.swift in Sources */,
				C89299820952AB5780C8C2E6 /* Views/PresenzeView.swift in Sources */,
				1F97484409AD3F409EE0A953 /* Views/ProssimeTornateSection.swift in Sources */,
				F6BE6EE75A3E68AC3E6586D9 /* Views/RegistrationView.swift in Sources */,
				33586B91A225B9FE31A5FA7C /* Views/TavoleView.swift in Sources */,
				1477CDC8CF2BF83EECE03D21 /* Views/TornataDetailView.swift in Sources */,
				80A6D49632DFC46A5DB145FE /* Views/TornateListView.swift in Sources */,
			);
			runOnlyForDeploymentPostprocessing = 0;
		};
/* End PBXSourcesBuildPhase section */

/* Begin XCBuildConfiguration section */
		8EE6B6ADC095CDC56BE16A9E /* Debug */ = {
			isa = XCBuildConfiguration;
			buildSettings = {
				ALWAYS_SEARCH_USER_PATHS = NO;
				ASSETCATALOG_COMPILER_APPICON_NAME = AppIcon;
				ASSETCATALOG_COMPILER_GLOBAL_ACCENT_COLOR_NAME = AccentColor;
				CLANG_ANALYZER_NONNULL = YES;
				CLANG_ANALYZER_NUMBER_OBJECT_CONVERSION = YES_AGGRESSIVE;
				CLANG_CXX_LANGUAGE_STANDARD = "gnu++20";
				CLANG_ENABLE_MODULES = YES;
				CLANG_ENABLE_OBJC_ARC = YES;
				CLANG_ENABLE_OBJC_WEAK = YES;
				CLANG_WARN_BLOCK_CAPTURE_AUTORELEASING = YES;
				CLANG_WARN_BOOL_CONVERSION = YES;
				CLANG_WARN_COMMA = YES;
				CLANG_WARN_CONSTANT_CONVERSION = YES;
				CLANG_WARN_DEPRECATED_OBJC_IMPLEMENTATIONS = YES;
				CLANG_WARN_DIRECT_OBJC_ISA_USAGE = YES_ERROR;
				CLANG_WARN_DOCUMENTATION_COMMENTS = YES;
				CLANG_WARN_EMPTY_BODY = YES;
				CLANG_WARN_ENUM_CONVERSION = YES;
				CLANG_WARN_INFINITE_RECURSION = YES;
				CLANG_WARN_INT_CONVERSION = YES;
				CLANG_WARN_NON_LITERAL_NULL_CONVERSION = YES;
				CLANG_WARN_OBJC_IMPLICIT_RETAIN_SELF = YES;
				CLANG_WARN_OBJC_LITERAL_CONVERSION = YES;
				CLANG_WARN_OBJC_ROOT_CLASS = YES_ERROR;
				CLANG_WARN_QUOTED_INCLUDE_IN_FRAMEWORK_HEADER = YES;
				CLANG_WARN_RANGE_LOOP_ANALYSIS = YES;
				CLANG_WARN_STRICT_PROTOTYPES = YES;
				CLANG_WARN_SUSPICIOUS_MOVE = YES;
				CLANG_WARN_UNGUARDED_AVAILABILITY = YES_AGGRESSIVE;
				CLANG_WARN_UNREACHABLE_CODE = YES;
				CLANG_WARN__DUPLICATE_METHOD_MATCH = YES;
				CODE_SIGN_STYLE = Automatic;
				COPY_PHASE_STRIP = NO;
				CURRENT_PROJECT_VERSION = 1;
				DEBUG_INFORMATION_FORMAT = dwarf;
				DEVELOPMENT_TEAM = "";
				ENABLE_STRICT_OBJC_MSGSEND = YES;
				ENABLE_TESTABILITY = YES;
				GCC_C_LANGUAGE_STANDARD = gnu11;
				GCC_DYNAMIC_NO_PIC = NO;
				GCC_NO_COMMON_BLOCKS = YES;
				GCC_OPTIMIZATION_LEVEL = 0;
				GCC_PREPROCESSOR_DEFINITIONS = (
					"DEBUG=1",
					"$(inherited)",
				);
				GCC_WARN_64_TO_32_BIT_CONVERSION = YES;
				GCC_WARN_ABOUT_RETURN_TYPE = YES_ERROR;
				GCC_WARN_UNDECLARED_SELECTOR = YES;
				GCC_WARN_UNINITIALIZED_AUTOS = YES_AGGRESSIVE;
				GCC_WARN_UNUSED_FUNCTION = YES;
				GCC_WARN_UNUSED_VARIABLE = YES;
				GENERATE_INFOPLIST_FILE = NO;
				INFOPLIST_FILE = Kilwinning/Info.plist;
				INFOPLIST_KEY_UIApplicationSupportsIndirectInputEvents = YES;
				INFOPLIST_KEY_UILaunchScreen_Generation = YES;
				INFOPLIST_KEY_UISupportedInterfaceOrientations = "UIInterfaceOrientationPortrait UIInterfaceOrientationLandscapeLeft UIInterfaceOrientationLandscapeRight";
				INFOPLIST_KEY_UISupportedInterfaceOrientations_iPad = "UIInterfaceOrientationPortrait UIInterfaceOrientationPortraitUpsideDown UIInterfaceOrientationLandscapeLeft UIInterfaceOrientationLandscapeRight";
				IPHONEOS_DEPLOYMENT_TARGET = 17.0;
				LD_RUNPATH_SEARCH_PATHS = (
					"$(inherited)",
					"@executable_path/Frameworks",
				);
				MARKETING_VERSION = 1.0;
				MTL_ENABLE_DEBUG_INFO = INCLUDE_SOURCE;
				MTL_FAST_MATH = YES;
				ONLY_ACTIVE_ARCH = YES;
				PRODUCT_BUNDLE_IDENTIFIER = com.kilwinning.app;
				PRODUCT_NAME = "$(TARGET_NAME)";
				SDKROOT = iphoneos;
				SWIFT_ACTIVE_COMPILATION_CONDITIONS = DEBUG;
				SWIFT_OPTIMIZATION_LEVEL = "-Onone";
				SWIFT_VERSION = 5.0;
				TARGETED_DEVICE_FAMILY = "1,2";
			};
			name = Debug;
		};
		C25F4F6540DF31069317F7C3 /* Release */ = {
			isa = XCBuildConfiguration;
			buildSettings = {
				ALWAYS_SEARCH_USER_PATHS = NO;
				ASSETCATALOG_COMPILER_APPICON_NAME = AppIcon;
				ASSETCATALOG_COMPILER_GLOBAL_ACCENT_COLOR_NAME = AccentColor;
				CLANG_ANALYZER_NONNULL = YES;
				CLANG_ANALYZER_NUMBER_OBJECT_CONVERSION = YES_AGGRESSIVE;
				CLANG_CXX_LANGUAGE_STANDARD = "gnu++20";
				CLANG_ENABLE_MODULES = YES;
				CLANG_ENABLE_OBJC_ARC = YES;
				CLANG_ENABLE_OBJC_WEAK = YES;
				CLANG_WARN_BLOCK_CAPTURE_AUTORELEASING = YES;
				CLANG_WARN_BOOL_CONVERSION = YES;
				CLANG_WARN_COMMA = YES;
				CLANG_WARN_CONSTANT_CONVERSION = YES;
				CLANG_WARN_DEPRECATED_OBJC_IMPLEMENTATIONS = YES;
				CLANG_WARN_DIRECT_OBJC_ISA_USAGE = YES_ERROR;
				CLANG_WARN_DOCUMENTATION_COMMENTS = YES;
				CLANG_WARN_EMPTY_BODY = YES;
				CLANG_WARN_ENUM_CONVERSION = YES;
				CLANG_WARN_INFINITE_RECURSION = YES;
				CLANG_WARN_INT_CONVERSION = YES;
				CLANG_WARN_NON_LITERAL_NULL_CONVERSION = YES;
				CLANG_WARN_OBJC_IMPLICIT_RETAIN_SELF = YES;
				CLANG_WARN_OBJC_LITERAL_CONVERSION = YES;
				CLANG_WARN_OBJC_ROOT_CLASS = YES_ERROR;
				CLANG_WARN_QUOTED_INCLUDE_IN_FRAMEWORK_HEADER = YES;
				CLANG_WARN_RANGE_LOOP_ANALYSIS = YES;
				CLANG_WARN_STRICT_PROTOTYPES = YES;
				CLANG_WARN_SUSPICIOUS_MOVE = YES;
				CLANG_WARN_UNGUARDED_AVAILABILITY = YES_AGGRESSIVE;
				CLANG_WARN_UNREACHABLE_CODE = YES;
				CLANG_WARN__DUPLICATE_METHOD_MATCH = YES;
				CODE_SIGN_STYLE = Automatic;
				COPY_PHASE_STRIP = NO;
				CURRENT_PROJECT_VERSION = 1;
				DEBUG_INFORMATION_FORMAT = "dwarf-with-dsym";
				DEVELOPMENT_TEAM = "";
				ENABLE_NS_ASSERTIONS = NO;
				ENABLE_STRICT_OBJC_MSGSEND = YES;
				GCC_C_LANGUAGE_STANDARD = gnu11;
				GCC_NO_COMMON_BLOCKS = YES;
				GCC_WARN_64_TO_32_BIT_CONVERSION = YES;
				GCC_WARN_ABOUT_RETURN_TYPE = YES_ERROR;
				GCC_WARN_UNDECLARED_SELECTOR = YES;
				GCC_WARN_UNINITIALIZED_AUTOS = YES_AGGRESSIVE;
				GCC_WARN_UNUSED_FUNCTION = YES;
				GCC_WARN_UNUSED_VARIABLE = YES;
				GENERATE_INFOPLIST_FILE = NO;
				INFOPLIST_FILE = Kilwinning/Info.plist;
				INFOPLIST_KEY_UIApplicationSupportsIndirectInputEvents = YES;
				INFOPLIST_KEY_UILaunchScreen_Generation = YES;
				INFOPLIST_KEY_UISupportedInterfaceOrientations = "UIInterfaceOrientationPortrait UIInterfaceOrientationLandscapeLeft UIInterfaceOrientationLandscapeRight";
				INFOPLIST_KEY_UISupportedInterfaceOrientations_iPad = "UIInterfaceOrientationPortrait UIInterfaceOrientationPortraitUpsideDown UIInterfaceOrientationLandscapeLeft UIInterfaceOrientationLandscapeRight";
				IPHONEOS_DEPLOYMENT_TARGET = 17.0;
				LD_RUNPATH_SEARCH_PATHS = (
					"$(inherited)",
					"@executable_path/Frameworks",
				);
				MARKETING_VERSION = 1.0;
				MTL_ENABLE_DEBUG_INFO = NO;
				MTL_FAST_MATH = YES;
				PRODUCT_BUNDLE_IDENTIFIER = com.kilwinning.app;
				PRODUCT_NAME = "$(TARGET_NAME)";
				SDKROOT = iphoneos;
				SWIFT_COMPILATION_MODE = wholemodule;
				SWIFT_OPTIMIZATION_LEVEL = "-O";
				SWIFT_VERSION = 5.0;
				TARGETED_DEVICE_FAMILY = "1,2";
				VALIDATE_PRODUCT = YES;
			};
			name = Release;
		};
/* End XCBuildConfiguration section */

/* Begin XCConfigurationList section */
		022E0F2E8ECAC35F5510DD6F /* Build configuration list for PBXProject "Kilwinning" */ = {
			isa = XCConfigurationList;
			buildConfigurations = (
				8EE6B6ADC095CDC56BE16A9E /* Debug */,
				C25F4F6540DF31069317F7C3 /* Release */,
			);
			defaultConfigurationIsVisible = 0;
			defaultConfigurationName = Release;
		};
		AFD04581184175117C78D9AC /* Build configuration list for PBXNativeTarget "Kilwinning" */ = {
			isa = XCConfigurationList;
			buildConfigurations = (
				8EE6B6ADC095CDC56BE16A9E /* Debug */,
				C25F4F6540DF31069317F7C3 /* Release */,
			);
			defaultConfigurationIsVisible = 0;
			defaultConfigurationName = Release;
		};
/* End XCConfigurationList section */
	};
	rootObject = 46F86FAA6BBF9AC94A7E4595 /* Project object */;
}
